// !$*UTF8*$!
{
	archiveVersion = 1;
	classes = {
	};
	objectVersion = 55;
	objects = {

/* Begin PBXBuildFile section */
		85B464AA272EC0C30007255C /* mad_autumn_2021_thirdApp.swift in Sources */ = {isa = PBXBuildFile; fileRef = 85B464A9272EC0C30007255C /* mad_autumn_2021_thirdApp.swift */; };
		85B464AC272EC0C30007255C /* TabbedView.swift in Sources */ = {isa = PBXBuildFile; fileRef = 85B464AB272EC0C30007255C /* TabbedView.swift */; };
		85B464AE272EC0C60007255C /* Assets.xcassets in Resources */ = {isa = PBXBuildFile; fileRef = 85B464AD272EC0C60007255C /* Assets.xcassets */; };
		85B464B1272EC0C60007255C /* Preview Assets.xcassets in Resources */ = {isa = PBXBuildFile; fileRef = 85B464B0272EC0C60007255C /* Preview Assets.xcassets */; };
		85B464B9272EC0E20007255C /* NetworkService.swift in Sources */ = {isa = PBXBuildFile; fileRef = 85B464B8272EC0E20007255C /* NetworkService.swift */; };
		85B464BC272EC1280007255C /* SwiftDate in Frameworks */ = {isa = PBXBuildFile; productRef = 85B464BB272EC1280007255C /* SwiftDate */; };
		85B464BF272EC15E0007255C /* PureSwiftUI in Frameworks */ = {isa = PBXBuildFile; productRef = 85B464BE272EC15E0007255C /* PureSwiftUI */; };
		85B464C2272EC16C0007255C /* SwiftUIX in Frameworks */ = {isa = PBXBuildFile; productRef = 85B464C1272EC16C0007255C /* SwiftUIX */; };
		85B464C5272EC1770007255C /* DynamicColor in Frameworks */ = {isa = PBXBuildFile; productRef = 85B464C4272EC1770007255C /* DynamicColor */; };
		85B464C8272EC1830007255C /* Alamofire in Frameworks */ = {isa = PBXBuildFile; productRef = 85B464C7272EC1830007255C /* Alamofire */; };
		85B464D0272EC2F20007255C /* Fonts.swift in Sources */ = {isa = PBXBuildFile; fileRef = 85B464CC272EC2F20007255C /* Fonts.swift */; };
		85B464D1272EC2F20007255C /* Colors.swift in Sources */ = {isa = PBXBuildFile; fileRef = 85B464CD272EC2F20007255C /* Colors.swift */; };
		85B464D2272EC2F20007255C /* ButtonStyles.swift in Sources */ = {isa = PBXBuildFile; fileRef = 85B464CE272EC2F20007255C /* ButtonStyles.swift */; };
		85B464D3272EC2F20007255C /* TFStyles.swift in Sources */ = {isa = PBXBuildFile; fileRef = 85B464CF272EC2F20007255C /* TFStyles.swift */; };
		85B464D5272EC3640007255C /* MainScreen.swift in Sources */ = {isa = PBXBuildFile; fileRef = 85B464D4272EC3640007255C /* MainScreen.swift */; };
		85B464D7272EC36D0007255C /* MainScreenModel.swift in Sources */ = {isa = PBXBuildFile; fileRef = 85B464D6272EC36D0007255C /* MainScreenModel.swift */; };
		85B464DA272ECA2C0007255C /* AlamofireNetworkActivityLogger in Frameworks */ = {isa = PBXBuildFile; productRef = 85B464D9272ECA2C0007255C /* AlamofireNetworkActivityLogger */; };
		85B464DC272ECB1B0007255C /* CardView.swift in Sources */ = {isa = PBXBuildFile; fileRef = 85B464DB272ECB1B0007255C /* CardView.swift */; };
		85B464DF272ECBDA0007255C /* SDWebImageSwiftUI in Frameworks */ = {isa = PBXBuildFile; productRef = 85B464DE272ECBDA0007255C /* SDWebImageSwiftUI */; };
		85B464E3272ED6E20007255C /* ProfileScreen.swift in Sources */ = {isa = PBXBuildFile; fileRef = 85B464E1272ED6E20007255C /* ProfileScreen.swift */; };
		85B464E4272ED6E20007255C /* ProfileScreenModel.swift in Sources */ = {isa = PBXBuildFile; fileRef = 85B464E2272ED6E20007255C /* ProfileScreenModel.swift */; };
		85B464E8272EDFC30007255C /* UserScreen.swift in Sources */ = {isa = PBXBuildFile; fileRef = 85B464E6272EDFC20007255C /* UserScreen.swift */; };
		85B464ED272EE4220007255C /* ChatScreenModel.swift in Sources */ = {isa = PBXBuildFile; fileRef = 85B464EB272EE4220007255C /* ChatScreenModel.swift */; };
		85B464EE272EE4220007255C /* ChatScreen.swift in Sources */ = {isa = PBXBuildFile; fileRef = 85B464EC272EE4220007255C /* ChatScreen.swift */; };
		85B464F3272EEE440007255C /* OneChatScreen.swift in Sources */ = {isa = PBXBuildFile; fileRef = 85B464F1272EEE440007255C /* OneChatScreen.swift */; };
		85B464F4272EEE440007255C /* OneChatScreenModel.swift in Sources */ = {isa = PBXBuildFile; fileRef = 85B464F2272EEE440007255C /* OneChatScreenModel.swift */; };
		85B46519273059840007255C /* BalooPaaji2-Medium.ttf in Resources */ = {isa = PBXBuildFile; fileRef = 85B46514273059830007255C /* BalooPaaji2-Medium.ttf */; };
		85B4651A273059840007255C /* BalooPaaji2-SemiBold.ttf in Resources */ = {isa = PBXBuildFile; fileRef = 85B46515273059830007255C /* BalooPaaji2-SemiBold.ttf */; };
		85B4651B273059840007255C /* BalooPaaji2-Regular.ttf in Resources */ = {isa = PBXBuildFile; fileRef = 85B46516273059830007255C /* BalooPaaji2-Regular.ttf */; };
		85B4651C273059840007255C /* BalooPaaji2-ExtraBold.ttf in Resources */ = {isa = PBXBuildFile; fileRef = 85B46517273059840007255C /* BalooPaaji2-ExtraBold.ttf */; };
		85B4651D273059840007255C /* BalooPaaji2-Bold.ttf in Resources */ = {isa = PBXBuildFile; fileRef = 85B46518273059840007255C /* BalooPaaji2-Bold.ttf */; };
		85B4652027305B920007255C /* Launch Screen.storyboard in Resources */ = {isa = PBXBuildFile; fileRef = 85B4651F27305B920007255C /* Launch Screen.storyboard */; };
		85B4652427306D3E0007255C /* StartScreen.swift in Sources */ = {isa = PBXBuildFile; fileRef = 85B4652227306D3E0007255C /* StartScreen.swift */; };
		85B4652527306D3E0007255C /* StartScreenModel.swift in Sources */ = {isa = PBXBuildFile; fileRef = 85B4652327306D3E0007255C /* StartScreenModel.swift */; };
		85B4652C27306D580007255C /* LoginScreen.swift in Sources */ = {isa = PBXBuildFile; fileRef = 85B4652727306D570007255C /* LoginScreen.swift */; };
		85B4652D27306D580007255C /* LoginScreenModel.swift in Sources */ = {isa = PBXBuildFile; fileRef = 85B4652827306D570007255C /* LoginScreenModel.swift */; };
		85B4652E27306D580007255C /* SignupScreen.swift in Sources */ = {isa = PBXBuildFile; fileRef = 85B4652A27306D580007255C /* SignupScreen.swift */; };
		85B4652F27306D580007255C /* SignupScreenModel.swift in Sources */ = {isa = PBXBuildFile; fileRef = 85B4652B27306D580007255C /* SignupScreenModel.swift */; };
		85B4653227306DDD0007255C /* NetworkService+auth.swift in Sources */ = {isa = PBXBuildFile; fileRef = 85B4653127306DDD0007255C /* NetworkService+auth.swift */; };
		85B4653427306E420007255C /* NetworkService+feedback.swift in Sources */ = {isa = PBXBuildFile; fileRef = 85B4653327306E420007255C /* NetworkService+feedback.swift */; };
		85B4653727306E6C0007255C /* TopicModel.swift in Sources */ = {isa = PBXBuildFile; fileRef = 85B4653627306E6C0007255C /* TopicModel.swift */; };
		85B4653927306E720007255C /* UserModel.swift in Sources */ = {isa = PBXBuildFile; fileRef = 85B4653827306E720007255C /* UserModel.swift */; };
		85B4653B27306E790007255C /* MessageModel.swift in Sources */ = {isa = PBXBuildFile; fileRef = 85B4653A27306E790007255C /* MessageModel.swift */; };
		85B4653D27306E7F0007255C /* ChatModel.swift in Sources */ = {isa = PBXBuildFile; fileRef = 85B4653C27306E7F0007255C /* ChatModel.swift */; };
		85B4653F27306EE10007255C /* NetworkService+users.swift in Sources */ = {isa = PBXBuildFile; fileRef = 85B4653E27306EE10007255C /* NetworkService+users.swift */; };
		85B4654127306EF20007255C /* NetworkService+chats.swift in Sources */ = {isa = PBXBuildFile; fileRef = 85B4654027306EF20007255C /* NetworkService+chats.swift */; };
		85B4654327306F0F0007255C /* NetworkService+messages.swift in Sources */ = {isa = PBXBuildFile; fileRef = 85B4654227306F0F0007255C /* NetworkService+messages.swift */; };
		85B4654527306FE60007255C /* ContentView.swift in Sources */ = {isa = PBXBuildFile; fileRef = 85B4654427306FE60007255C /* ContentView.swift */; };
		85B465482730741D0007255C /* MyTextField.swift in Sources */ = {isa = PBXBuildFile; fileRef = 85B465472730741D0007255C /* MyTextField.swift */; };
		85B4654A273076490007255C /* MyActivityIndicator.swift in Sources */ = {isa = PBXBuildFile; fileRef = 85B46549273076490007255C /* MyActivityIndicator.swift */; };
		85B4654C2730ABF10007255C /* Alerts.swift in Sources */ = {isa = PBXBuildFile; fileRef = 85B4654B2730ABF10007255C /* Alerts.swift */; };
/* End PBXBuildFile section */

/* Begin PBXFileReference section */
		85B464A6272EC0C30007255C /* mad_autumn_2021_third.app */ = {isa = PBXFileReference; explicitFileType = wrapper.application; includeInIndex = 0; path = mad_autumn_2021_third.app; sourceTree = BUILT_PRODUCTS_DIR; };
		85B464A9272EC0C30007255C /* mad_autumn_2021_thirdApp.swift */ = {isa = PBXFileReference; lastKnownFileType = sourcecode.swift; path = mad_autumn_2021_thirdApp.swift; sourceTree = "<group>"; };
		85B464AB272EC0C30007255C /* TabbedView.swift */ = {isa = PBXFileReference; lastKnownFileType = sourcecode.swift; path = TabbedView.swift; sourceTree = "<group>"; };
		85B464AD272EC0C60007255C /* Assets.xcassets */ = {isa = PBXFileReference; lastKnownFileType = folder.assetcatalog; path = Assets.xcassets; sourceTree = "<group>"; };
		85B464B0272EC0C60007255C /* Preview Assets.xcassets */ = {isa = PBXFileReference; lastKnownFileType = folder.assetcatalog; path = "Preview Assets.xcassets"; sourceTree = "<group>"; };
		85B464B8272EC0E20007255C /* NetworkService.swift */ = {isa = PBXFileReference; lastKnownFileType = sourcecode.swift; path = NetworkService.swift; sourceTree = "<group>"; };
		85B464CC272EC2F20007255C /* Fonts.swift */ = {isa = PBXFileReference; fileEncoding = 4; lastKnownFileType = sourcecode.swift; path = Fonts.swift; sourceTree = "<group>"; };
		85B464CD272EC2F20007255C /* Colors.swift */ = {isa = PBXFileReference; fileEncoding = 4; lastKnownFileType = sourcecode.swift; path = Colors.swift; sourceTree = "<group>"; };
		85B464CE272EC2F20007255C /* ButtonStyles.swift */ = {isa = PBXFileReference; fileEncoding = 4; lastKnownFileType = sourcecode.swift; path = ButtonStyles.swift; sourceTree = "<group>"; };
		85B464CF272EC2F20007255C /* TFStyles.swift */ = {isa = PBXFileReference; fileEncoding = 4; lastKnownFileType = sourcecode.swift; path = TFStyles.swift; sourceTree = "<group>"; };
		85B464D4272EC3640007255C /* MainScreen.swift */ = {isa = PBXFileReference; lastKnownFileType = sourcecode.swift; path = MainScreen.swift; sourceTree = "<group>"; };
		85B464D6272EC36D0007255C /* MainScreenModel.swift */ = {isa = PBXFileReference; lastKnownFileType = sourcecode.swift; path = MainScreenModel.swift; sourceTree = "<group>"; };
		85B464DB272ECB1B0007255C /* CardView.swift */ = {isa = PBXFileReference; lastKnownFileType = sourcecode.swift; path = CardView.swift; sourceTree = "<group>"; };
		85B464E1272ED6E20007255C /* ProfileScreen.swift */ = {isa = PBXFileReference; fileEncoding = 4; lastKnownFileType = sourcecode.swift; path = ProfileScreen.swift; sourceTree = "<group>"; };
		85B464E2272ED6E20007255C /* ProfileScreenModel.swift */ = {isa = PBXFileReference; fileEncoding = 4; lastKnownFileType = sourcecode.swift; path = ProfileScreenModel.swift; sourceTree = "<group>"; };
		85B464E6272EDFC20007255C /* UserScreen.swift */ = {isa = PBXFileReference; fileEncoding = 4; lastKnownFileType = sourcecode.swift; path = UserScreen.swift; sourceTree = "<group>"; };
		85B464EB272EE4220007255C /* ChatScreenModel.swift */ = {isa = PBXFileReference; fileEncoding = 4; lastKnownFileType = sourcecode.swift; path = ChatScreenModel.swift; sourceTree = "<group>"; };
		85B464EC272EE4220007255C /* ChatScreen.swift */ = {isa = PBXFileReference; fileEncoding = 4; lastKnownFileType = sourcecode.swift; path = ChatScreen.swift; sourceTree = "<group>"; };
		85B464F1272EEE440007255C /* OneChatScreen.swift */ = {isa = PBXFileReference; fileEncoding = 4; lastKnownFileType = sourcecode.swift; path = OneChatScreen.swift; sourceTree = "<group>"; };
		85B464F2272EEE440007255C /* OneChatScreenModel.swift */ = {isa = PBXFileReference; fileEncoding = 4; lastKnownFileType = sourcecode.swift; path = OneChatScreenModel.swift; sourceTree = "<group>"; };
		85B46514273059830007255C /* BalooPaaji2-Medium.ttf */ = {isa = PBXFileReference; lastKnownFileType = file; path = "BalooPaaji2-Medium.ttf"; sourceTree = "<group>"; };
		85B46515273059830007255C /* BalooPaaji2-SemiBold.ttf */ = {isa = PBXFileReference; lastKnownFileType = file; path = "BalooPaaji2-SemiBold.ttf"; sourceTree = "<group>"; };
		85B46516273059830007255C /* BalooPaaji2-Regular.ttf */ = {isa = PBXFileReference; lastKnownFileType = file; path = "BalooPaaji2-Regular.ttf"; sourceTree = "<group>"; };
		85B46517273059840007255C /* BalooPaaji2-ExtraBold.ttf */ = {isa = PBXFileReference; lastKnownFileType = file; path = "BalooPaaji2-ExtraBold.ttf"; sourceTree = "<group>"; };
		85B46518273059840007255C /* BalooPaaji2-Bold.ttf */ = {isa = PBXFileReference; lastKnownFileType = file; path = "BalooPaaji2-Bold.ttf"; sourceTree = "<group>"; };
		85B4651E273059940007255C /* mad-autumn-2021-third-Info.plist */ = {isa = PBXFileReference; lastKnownFileType = text.plist; path = "mad-autumn-2021-third-Info.plist"; sourceTree = SOURCE_ROOT; };
		85B4651F27305B920007255C /* Launch Screen.storyboard */ = {isa = PBXFileReference; fileEncoding = 4; lastKnownFileType = file.storyboard; path = "Launch Screen.storyboard"; sourceTree = "<group>"; };
		85B4652227306D3E0007255C /* StartScreen.swift */ = {isa = PBXFileReference; fileEncoding = 4; lastKnownFileType = sourcecode.swift; path = StartScreen.swift; sourceTree = "<group>"; };
		85B4652327306D3E0007255C /* StartScreenModel.swift */ = {isa = PBXFileReference; fileEncoding = 4; lastKnownFileType = sourcecode.swift; path = StartScreenModel.swift; sourceTree = "<group>"; };
		85B4652727306D570007255C /* LoginScreen.swift */ = {isa = PBXFileReference; fileEncoding = 4; lastKnownFileType = sourcecode.swift; path = LoginScreen.swift; sourceTree = "<group>"; };
		85B4652827306D570007255C /* LoginScreenModel.swift */ = {isa = PBXFileReference; fileEncoding = 4; lastKnownFileType = sourcecode.swift; path = LoginScreenModel.swift; sourceTree = "<group>"; };
		85B4652A27306D580007255C /* SignupScreen.swift */ = {isa = PBXFileReference; fileEncoding = 4; lastKnownFileType = sourcecode.swift; path = SignupScreen.swift; sourceTree = "<group>"; };
		85B4652B27306D580007255C /* SignupScreenModel.swift */ = {isa = PBXFileReference; fileEncoding = 4; lastKnownFileType = sourcecode.swift; path = SignupScreenModel.swift; sourceTree = "<group>"; };
		85B4653127306DDD0007255C /* NetworkService+auth.swift */ = {isa = PBXFileReference; lastKnownFileType = sourcecode.swift; path = "NetworkService+auth.swift"; sourceTree = "<group>"; };
		85B4653327306E420007255C /* NetworkService+feedback.swift */ = {isa = PBXFileReference; lastKnownFileType = sourcecode.swift; path = "NetworkService+feedback.swift"; sourceTree = "<group>"; };
		85B4653627306E6C0007255C /* TopicModel.swift */ = {isa = PBXFileReference; lastKnownFileType = sourcecode.swift; path = TopicModel.swift; sourceTree = "<group>"; };
		85B4653827306E720007255C /* UserModel.swift */ = {isa = PBXFileReference; lastKnownFileType = sourcecode.swift; path = UserModel.swift; sourceTree = "<group>"; };
		85B4653A27306E790007255C /* MessageModel.swift */ = {isa = PBXFileReference; lastKnownFileType = sourcecode.swift; path = MessageModel.swift; sourceTree = "<group>"; };
		85B4653C27306E7F0007255C /* ChatModel.swift */ = {isa = PBXFileReference; lastKnownFileType = sourcecode.swift; path = ChatModel.swift; sourceTree = "<group>"; };
		85B4653E27306EE10007255C /* NetworkService+users.swift */ = {isa = PBXFileReference; lastKnownFileType = sourcecode.swift; path = "NetworkService+users.swift"; sourceTree = "<group>"; };
		85B4654027306EF20007255C /* NetworkService+chats.swift */ = {isa = PBXFileReference; lastKnownFileType = sourcecode.swift; path = "NetworkService+chats.swift"; sourceTree = "<group>"; };
		85B4654227306F0F0007255C /* NetworkService+messages.swift */ = {isa = PBXFileReference; lastKnownFileType = sourcecode.swift; path = "NetworkService+messages.swift"; sourceTree = "<group>"; };
		85B4654427306FE60007255C /* ContentView.swift */ = {isa = PBXFileReference; lastKnownFileType = sourcecode.swift; path = ContentView.swift; sourceTree = "<group>"; };
		85B465472730741D0007255C /* MyTextField.swift */ = {isa = PBXFileReference; lastKnownFileType = sourcecode.swift; path = MyTextField.swift; sourceTree = "<group>"; };
		85B46549273076490007255C /* MyActivityIndicator.swift */ = {isa = PBXFileReference; lastKnownFileType = sourcecode.swift; path = MyActivityIndicator.swift; sourceTree = "<group>"; };
		85B4654B2730ABF10007255C /* Alerts.swift */ = {isa = PBXFileReference; lastKnownFileType = sourcecode.swift; path = Alerts.swift; sourceTree = "<group>"; };
/* End PBXFileReference section */

/* Begin PBXFrameworksBuildPhase section */
		85B464A3272EC0C30007255C /* Frameworks */ = {
			isa = PBXFrameworksBuildPhase;
			buildActionMask = 2147483647;
			files = (
				85B464DF272ECBDA0007255C /* SDWebImageSwiftUI in Frameworks */,
				85B464C8272EC1830007255C /* Alamofire in Frameworks */,
				85B464C5272EC1770007255C /* DynamicColor in Frameworks */,
				85B464C2272EC16C0007255C /* SwiftUIX in Frameworks */,
				85B464DA272ECA2C0007255C /* AlamofireNetworkActivityLogger in Frameworks */,
				85B464BF272EC15E0007255C /* PureSwiftUI in Frameworks */,
				85B464BC272EC1280007255C /* SwiftDate in Frameworks */,
			);
			runOnlyForDeploymentPostprocessing = 0;
		};
/* End PBXFrameworksBuildPhase section */

/* Begin PBXGroup section */
		85B4649D272EC0C30007255C = {
			isa = PBXGroup;
			children = (
				85B464A8272EC0C30007255C /* mad_autumn_2021_third */,
				85B464A7272EC0C30007255C /* Products */,
			);
			sourceTree = "<group>";
		};
		85B464A7272EC0C30007255C /* Products */ = {
			isa = PBXGroup;
			children = (
				85B464A6272EC0C30007255C /* mad_autumn_2021_third.app */,
			);
			name = Products;
			sourceTree = "<group>";
		};
		85B464A8272EC0C30007255C /* mad_autumn_2021_third */ = {
			isa = PBXGroup;
			children = (
				85B4651F27305B920007255C /* Launch Screen.storyboard */,
				85B465132730596D0007255C /* fonts */,
				85B4651E273059940007255C /* mad-autumn-2021-third-Info.plist */,
				85B464CB272EC2D50007255C /* Common */,
				85B464C9272EC2860007255C /* Screens */,
				85B464B7272EC0D70007255C /* Services */,
				85B464A9272EC0C30007255C /* mad_autumn_2021_thirdApp.swift */,
				85B464AB272EC0C30007255C /* TabbedView.swift */,
				85B4654427306FE60007255C /* ContentView.swift */,
				85B464AD272EC0C60007255C /* Assets.xcassets */,
				85B464AF272EC0C60007255C /* Preview Content */,
			);
			path = mad_autumn_2021_third;
			sourceTree = "<group>";
		};
		85B464AF272EC0C60007255C /* Preview Content */ = {
			isa = PBXGroup;
			children = (
				85B464B0272EC0C60007255C /* Preview Assets.xcassets */,
			);
			path = "Preview Content";
			sourceTree = "<group>";
		};
		85B464B7272EC0D70007255C /* Services */ = {
			isa = PBXGroup;
			children = (
				85B4653027306DCD0007255C /* Network */,
				85B464B8272EC0E20007255C /* NetworkService.swift */,
			);
			path = Services;
			sourceTree = "<group>";
		};
		85B464C9272EC2860007255C /* Screens */ = {
			isa = PBXGroup;
			children = (
				85B4652627306D570007255C /* Login */,
				85B4652927306D580007255C /* SignUp */,
				85B4652127306D3E0007255C /* Start */,
				85B464F0272EEE1B0007255C /* OneChat */,
				85B464EA272EE3E20007255C /* Chat */,
				85B464E5272EDF990007255C /* User */,
				85B464E0272ED6C30007255C /* Profile */,
				85B464CA272EC28F0007255C /* Main */,
			);
			path = Screens;
			sourceTree = "<group>";
		};
		85B464CA272EC28F0007255C /* Main */ = {
			isa = PBXGroup;
			children = (
				85B464D4272EC3640007255C /* MainScreen.swift */,
				85B464D6272EC36D0007255C /* MainScreenModel.swift */,
				85B464DB272ECB1B0007255C /* CardView.swift */,
			);
			path = Main;
			sourceTree = "<group>";
		};
		85B464CB272EC2D50007255C /* Common */ = {
			isa = PBXGroup;
			children = (
				85B46546273074110007255C /* Views */,
				85B4653527306E640007255C /* Models */,
				85B464CE272EC2F20007255C /* ButtonStyles.swift */,
				85B464CD272EC2F20007255C /* Colors.swift */,
				85B464CC272EC2F20007255C /* Fonts.swift */,
				85B464CF272EC2F20007255C /* TFStyles.swift */,
				85B4654B2730ABF10007255C /* Alerts.swift */,
			);
			path = Common;
			sourceTree = "<group>";
		};
		85B464E0272ED6C30007255C /* Profile */ = {
			isa = PBXGroup;
			children = (
				85B464E1272ED6E20007255C /* ProfileScreen.swift */,
				85B464E2272ED6E20007255C /* ProfileScreenModel.swift */,
			);
			path = Profile;
			sourceTree = "<group>";
		};
		85B464E5272EDF990007255C /* User */ = {
			isa = PBXGroup;
			children = (
				85B464E6272EDFC20007255C /* UserScreen.swift */,
			);
			path = User;
			sourceTree = "<group>";
		};
		85B464EA272EE3E20007255C /* Chat */ = {
			isa = PBXGroup;
			children = (
				85B464EC272EE4220007255C /* ChatScreen.swift */,
				85B464EB272EE4220007255C /* ChatScreenModel.swift */,
			);
			path = Chat;
			sourceTree = "<group>";
		};
		85B464F0272EEE1B0007255C /* OneChat */ = {
			isa = PBXGroup;
			children = (
				85B464F1272EEE440007255C /* OneChatScreen.swift */,
				85B464F2272EEE440007255C /* OneChatScreenModel.swift */,
			);
			path = OneChat;
			sourceTree = "<group>";
		};
		85B465132730596D0007255C /* fonts */ = {
			isa = PBXGroup;
			children = (
				85B46518273059840007255C /* BalooPaaji2-Bold.ttf */,
				85B46517273059840007255C /* BalooPaaji2-ExtraBold.ttf */,
				85B46514273059830007255C /* BalooPaaji2-Medium.ttf */,
				85B46516273059830007255C /* BalooPaaji2-Regular.ttf */,
				85B46515273059830007255C /* BalooPaaji2-SemiBold.ttf */,
			);
			path = fonts;
			sourceTree = "<group>";
		};
		85B4652127306D3E0007255C /* Start */ = {
			isa = PBXGroup;
			children = (
				85B4652227306D3E0007255C /* StartScreen.swift */,
				85B4652327306D3E0007255C /* StartScreenModel.swift */,
			);
			path = Start;
			sourceTree = "<group>";
		};
		85B4652627306D570007255C /* Login */ = {
			isa = PBXGroup;
			children = (
				85B4652727306D570007255C /* LoginScreen.swift */,
				85B4652827306D570007255C /* LoginScreenModel.swift */,
			);
			path = Login;
			sourceTree = "<group>";
		};
		85B4652927306D580007255C /* SignUp */ = {
			isa = PBXGroup;
			children = (
				85B4652A27306D580007255C /* SignupScreen.swift */,
				85B4652B27306D580007255C /* SignupScreenModel.swift */,
			);
			path = SignUp;
			sourceTree = "<group>";
		};
		85B4653027306DCD0007255C /* Network */ = {
			isa = PBXGroup;
			children = (
				85B4653127306DDD0007255C /* NetworkService+auth.swift */,
				85B4653327306E420007255C /* NetworkService+feedback.swift */,
				85B4653E27306EE10007255C /* NetworkService+users.swift */,
				85B4654027306EF20007255C /* NetworkService+chats.swift */,
				85B4654227306F0F0007255C /* NetworkService+messages.swift */,
			);
			path = Network;
			sourceTree = "<group>";
		};
		85B4653527306E640007255C /* Models */ = {
			isa = PBXGroup;
			children = (
				85B4653627306E6C0007255C /* TopicModel.swift */,
				85B4653827306E720007255C /* UserModel.swift */,
				85B4653A27306E790007255C /* MessageModel.swift */,
				85B4653C27306E7F0007255C /* ChatModel.swift */,
			);
			path = Models;
			sourceTree = "<group>";
		};
		85B46546273074110007255C /* Views */ = {
			isa = PBXGroup;
			children = (
				85B465472730741D0007255C /* MyTextField.swift */,
				85B46549273076490007255C /* MyActivityIndicator.swift */,
			);
			path = Views;
			sourceTree = "<group>";
		};
/* End PBXGroup section */

/* Begin PBXNativeTarget section */
		85B464A5272EC0C30007255C /* mad_autumn_2021_third */ = {
			isa = PBXNativeTarget;
			buildConfigurationList = 85B464B4272EC0C60007255C /* Build configuration list for PBXNativeTarget "mad_autumn_2021_third" */;
			buildPhases = (
				85B464A2272EC0C30007255C /* Sources */,
				85B464A3272EC0C30007255C /* Frameworks */,
				85B464A4272EC0C30007255C /* Resources */,
			);
			buildRules = (
			);
			dependencies = (
			);
			name = mad_autumn_2021_third;
			packageProductDependencies = (
				85B464BB272EC1280007255C /* SwiftDate */,
				85B464BE272EC15E0007255C /* PureSwiftUI */,
				85B464C1272EC16C0007255C /* SwiftUIX */,
				85B464C4272EC1770007255C /* DynamicColor */,
				85B464C7272EC1830007255C /* Alamofire */,
				85B464D9272ECA2C0007255C /* AlamofireNetworkActivityLogger */,
				85B464DE272ECBDA0007255C /* SDWebImageSwiftUI */,
			);
			productName = mad_autumn_2021_third;
			productReference = 85B464A6272EC0C30007255C /* mad_autumn_2021_third.app */;
			productType = "com.apple.product-type.application";
		};
/* End PBXNativeTarget section */

/* Begin PBXProject section */
		85B4649E272EC0C30007255C /* Project object */ = {
			isa = PBXProject;
			attributes = {
				BuildIndependentTargetsInParallel = 1;
				LastSwiftUpdateCheck = 1300;
				LastUpgradeCheck = 1300;
				TargetAttributes = {
					85B464A5272EC0C30007255C = {
						CreatedOnToolsVersion = 13.0;
					};
				};
			};
			buildConfigurationList = 85B464A1272EC0C30007255C /* Build configuration list for PBXProject "mad_autumn_2021_third" */;
			compatibilityVersion = "Xcode 13.0";
			developmentRegion = en;
			hasScannedForEncodings = 0;
			knownRegions = (
				en,
				Base,
			);
			mainGroup = 85B4649D272EC0C30007255C;
			packageReferences = (
				85B464BA272EC1280007255C /* XCRemoteSwiftPackageReference "SwiftDate" */,
				85B464BD272EC15E0007255C /* XCRemoteSwiftPackageReference "pure-swift-ui" */,
				85B464C0272EC16C0007255C /* XCRemoteSwiftPackageReference "SwiftUIX" */,
				85B464C3272EC1770007255C /* XCRemoteSwiftPackageReference "DynamicColor" */,
				85B464C6272EC1820007255C /* XCRemoteSwiftPackageReference "Alamofire" */,
				85B464D8272ECA2C0007255C /* XCRemoteSwiftPackageReference "AlamofireNetworkActivityLogger" */,
				85B464DD272ECBDA0007255C /* XCRemoteSwiftPackageReference "SDWebImageSwiftUI" */,
			);
			productRefGroup = 85B464A7272EC0C30007255C /* Products */;
			projectDirPath = "";
			projectRoot = "";
			targets = (
				85B464A5272EC0C30007255C /* mad_autumn_2021_third */,
			);
		};
/* End PBXProject section */

/* Begin PBXResourcesBuildPhase section */
		85B464A4272EC0C30007255C /* Resources */ = {
			isa = PBXResourcesBuildPhase;
			buildActionMask = 2147483647;
			files = (
				85B4651A273059840007255C /* BalooPaaji2-SemiBold.ttf in Resources */,
				85B4651B273059840007255C /* BalooPaaji2-Regular.ttf in Resources */,
				85B4652027305B920007255C /* Launch Screen.storyboard in Resources */,
				85B464B1272EC0C60007255C /* Preview Assets.xcassets in Resources */,
				85B4651C273059840007255C /* BalooPaaji2-ExtraBold.ttf in Resources */,
				85B46519273059840007255C /* BalooPaaji2-Medium.ttf in Resources */,
				85B464AE272EC0C60007255C /* Assets.xcassets in Resources */,
				85B4651D273059840007255C /* BalooPaaji2-Bold.ttf in Resources */,
			);
			runOnlyForDeploymentPostprocessing = 0;
		};
/* End PBXResourcesBuildPhase section */

/* Begin PBXSourcesBuildPhase section */
		85B464A2272EC0C30007255C /* Sources */ = {
			isa = PBXSourcesBuildPhase;
			buildActionMask = 2147483647;
			files = (
				85B464F3272EEE440007255C /* OneChatScreen.swift in Sources */,
				85B4652D27306D580007255C /* LoginScreenModel.swift in Sources */,
				85B464D5272EC3640007255C /* MainScreen.swift in Sources */,
				85B464EE272EE4220007255C /* ChatScreen.swift in Sources */,
				85B464D0272EC2F20007255C /* Fonts.swift in Sources */,
				85B4654127306EF20007255C /* NetworkService+chats.swift in Sources */,
				85B464D2272EC2F20007255C /* ButtonStyles.swift in Sources */,
				85B4653427306E420007255C /* NetworkService+feedback.swift in Sources */,
				85B4653F27306EE10007255C /* NetworkService+users.swift in Sources */,
				85B464D3272EC2F20007255C /* TFStyles.swift in Sources */,
				85B4654C2730ABF10007255C /* Alerts.swift in Sources */,
				85B464E8272EDFC30007255C /* UserScreen.swift in Sources */,
				85B464E3272ED6E20007255C /* ProfileScreen.swift in Sources */,
				85B4654A273076490007255C /* MyActivityIndicator.swift in Sources */,
				85B4652527306D3E0007255C /* StartScreenModel.swift in Sources */,
				85B4653227306DDD0007255C /* NetworkService+auth.swift in Sources */,
				85B4652C27306D580007255C /* LoginScreen.swift in Sources */,
				85B464E4272ED6E20007255C /* ProfileScreenModel.swift in Sources */,
				85B464DC272ECB1B0007255C /* CardView.swift in Sources */,
				85B4652E27306D580007255C /* SignupScreen.swift in Sources */,
				85B4653927306E720007255C /* UserModel.swift in Sources */,
				85B464D1272EC2F20007255C /* Colors.swift in Sources */,
				85B464ED272EE4220007255C /* ChatScreenModel.swift in Sources */,
				85B464AC272EC0C30007255C /* TabbedView.swift in Sources */,
				85B4654327306F0F0007255C /* NetworkService+messages.swift in Sources */,
				85B4654527306FE60007255C /* ContentView.swift in Sources */,
				85B464B9272EC0E20007255C /* NetworkService.swift in Sources */,
				85B465482730741D0007255C /* MyTextField.swift in Sources */,
				85B4653D27306E7F0007255C /* ChatModel.swift in Sources */,
				85B4652427306D3E0007255C /* StartScreen.swift in Sources */,
				85B4653727306E6C0007255C /* TopicModel.swift in Sources */,
				85B4653B27306E790007255C /* MessageModel.swift in Sources */,
				85B4652F27306D580007255C /* SignupScreenModel.swift in Sources */,
				85B464AA272EC0C30007255C /* mad_autumn_2021_thirdApp.swift in Sources */,
				85B464D7272EC36D0007255C /* MainScreenModel.swift in Sources */,
				85B464F4272EEE440007255C /* OneChatScreenModel.swift in Sources */,
			);
			runOnlyForDeploymentPostprocessing = 0;
		};
/* End PBXSourcesBuildPhase section */

/* Begin XCBuildConfiguration section */
		85B464B2272EC0C60007255C /* Debug */ = {
			isa = XCBuildConfiguration;
			buildSettings = {
				ALWAYS_SEARCH_USER_PATHS = NO;
				CLANG_ANALYZER_NONNULL = YES;
				CLANG_ANALYZER_NUMBER_OBJECT_CONVERSION = YES_AGGRESSIVE;
				CLANG_CXX_LANGUAGE_STANDARD = "gnu++17";
				CLANG_CXX_LIBRARY = "libc++";
				CLANG_ENABLE_MODULES = YES;
				CLANG_ENABLE_OBJC_ARC = YES;
				CLANG_ENABLE_OBJC_WEAK = YES;
				CLANG_WARN_BLOCK_CAPTURE_AUTORELEASING = YES;
				CLANG_WARN_BOOL_CONVERSION = YES;
				CLANG_WARN_COMMA = YES;
				CLANG_WARN_CONSTANT_CONVERSION = YES;
				CLANG_WARN_DEPRECATED_OBJC_IMPLEMENTATIONS = YES;
				CLANG_WARN_DIRECT_OBJC_ISA_USAGE = YES_ERROR;
				CLANG_WARN_DOCUMENTATION_COMMENTS = YES;
				CLANG_WARN_EMPTY_BODY = YES;
				CLANG_WARN_ENUM_CONVERSION = YES;
				CLANG_WARN_INFINITE_RECURSION = YES;
				CLANG_WARN_INT_CONVERSION = YES;
				CLANG_WARN_NON_LITERAL_NULL_CONVERSION = YES;
				CLANG_WARN_OBJC_IMPLICIT_RETAIN_SELF = YES;
				CLANG_WARN_OBJC_LITERAL_CONVERSION = YES;
				CLANG_WARN_OBJC_ROOT_CLASS = YES_ERROR;
				CLANG_WARN_QUOTED_INCLUDE_IN_FRAMEWORK_HEADER = YES;
				CLANG_WARN_RANGE_LOOP_ANALYSIS = YES;
				CLANG_WARN_STRICT_PROTOTYPES = YES;
				CLANG_WARN_SUSPICIOUS_MOVE = YES;
				CLANG_WARN_UNGUARDED_AVAILABILITY = YES_AGGRESSIVE;
				CLANG_WARN_UNREACHABLE_CODE = YES;
				CLANG_WARN__DUPLICATE_METHOD_MATCH = YES;
				COPY_PHASE_STRIP = NO;
				DEBUG_INFORMATION_FORMAT = dwarf;
				ENABLE_STRICT_OBJC_MSGSEND = YES;
				ENABLE_TESTABILITY = YES;
				GCC_C_LANGUAGE_STANDARD = gnu11;
				GCC_DYNAMIC_NO_PIC = NO;
				GCC_NO_COMMON_BLOCKS = YES;
				GCC_OPTIMIZATION_LEVEL = 0;
				GCC_PREPROCESSOR_DEFINITIONS = (
					"DEBUG=1",
					"$(inherited)",
				);
				GCC_WARN_64_TO_32_BIT_CONVERSION = YES;
				GCC_WARN_ABOUT_RETURN_TYPE = YES_ERROR;
				GCC_WARN_UNDECLARED_SELECTOR = YES;
				GCC_WARN_UNINITIALIZED_AUTOS = YES_AGGRESSIVE;
				GCC_WARN_UNUSED_FUNCTION = YES;
				GCC_WARN_UNUSED_VARIABLE = YES;
				IPHONEOS_DEPLOYMENT_TARGET = 15.0;
				MTL_ENABLE_DEBUG_INFO = INCLUDE_SOURCE;
				MTL_FAST_MATH = YES;
				ONLY_ACTIVE_ARCH = YES;
				SDKROOT = iphoneos;
				SWIFT_ACTIVE_COMPILATION_CONDITIONS = DEBUG;
				SWIFT_OPTIMIZATION_LEVEL = "-Onone";
			};
			name = Debug;
		};
		85B464B3272EC0C60007255C /* Release */ = {
			isa = XCBuildConfiguration;
			buildSettings = {
				ALWAYS_SEARCH_USER_PATHS = NO;
				CLANG_ANALYZER_NONNULL = YES;
				CLANG_ANALYZER_NUMBER_OBJECT_CONVERSION = YES_AGGRESSIVE;
				CLANG_CXX_LANGUAGE_STANDARD = "gnu++17";
				CLANG_CXX_LIBRARY = "libc++";
				CLANG_ENABLE_MODULES = YES;
				CLANG_ENABLE_OBJC_ARC = YES;
				CLANG_ENABLE_OBJC_WEAK = YES;
				CLANG_WARN_BLOCK_CAPTURE_AUTORELEASING = YES;
				CLANG_WARN_BOOL_CONVERSION = YES;
				CLANG_WARN_COMMA = YES;
				CLANG_WARN_CONSTANT_CONVERSION = YES;
				CLANG_WARN_DEPRECATED_OBJC_IMPLEMENTATIONS = YES;
				CLANG_WARN_DIRECT_OBJC_ISA_USAGE = YES_ERROR;
				CLANG_WARN_DOCUMENTATION_COMMENTS = YES;
				CLANG_WARN_EMPTY_BODY = YES;
				CLANG_WARN_ENUM_CONVERSION = YES;
				CLANG_WARN_INFINITE_RECURSION = YES;
				CLANG_WARN_INT_CONVERSION = YES;
				CLANG_WARN_NON_LITERAL_NULL_CONVERSION = YES;
				CLANG_WARN_OBJC_IMPLICIT_RETAIN_SELF = YES;
				CLANG_WARN_OBJC_LITERAL_CONVERSION = YES;
				CLANG_WARN_OBJC_ROOT_CLASS = YES_ERROR;
				CLANG_WARN_QUOTED_INCLUDE_IN_FRAMEWORK_HEADER = YES;
				CLANG_WARN_RANGE_LOOP_ANALYSIS = YES;
				CLANG_WARN_STRICT_PROTOTYPES = YES;
				CLANG_WARN_SUSPICIOUS_MOVE = YES;
				CLANG_WARN_UNGUARDED_AVAILABILITY = YES_AGGRESSIVE;
				CLANG_WARN_UNREACHABLE_CODE = YES;
				CLANG_WARN__DUPLICATE_METHOD_MATCH = YES;
				COPY_PHASE_STRIP = NO;
				DEBUG_INFORMATION_FORMAT = "dwarf-with-dsym";
				ENABLE_NS_ASSERTIONS = NO;
				ENABLE_STRICT_OBJC_MSGSEND = YES;
				GCC_C_LANGUAGE_STANDARD = gnu11;
				GCC_NO_COMMON_BLOCKS = YES;
				GCC_WARN_64_TO_32_BIT_CONVERSION = YES;
				GCC_WARN_ABOUT_RETURN_TYPE = YES_ERROR;
				GCC_WARN_UNDECLARED_SELECTOR = YES;
				GCC_WARN_UNINITIALIZED_AUTOS = YES_AGGRESSIVE;
				GCC_WARN_UNUSED_FUNCTION = YES;
				GCC_WARN_UNUSED_VARIABLE = YES;
				IPHONEOS_DEPLOYMENT_TARGET = 15.0;
				MTL_ENABLE_DEBUG_INFO = NO;
				MTL_FAST_MATH = YES;
				SDKROOT = iphoneos;
				SWIFT_COMPILATION_MODE = wholemodule;
				SWIFT_OPTIMIZATION_LEVEL = "-O";
				VALIDATE_PRODUCT = YES;
			};
			name = Release;
		};
		85B464B5272EC0C60007255C /* Debug */ = {
			isa = XCBuildConfiguration;
			buildSettings = {
				ASSETCATALOG_COMPILER_APPICON_NAME = AppIcon;
				ASSETCATALOG_COMPILER_GLOBAL_ACCENT_COLOR_NAME = AccentColor;
				CODE_SIGN_STYLE = Automatic;
				CURRENT_PROJECT_VERSION = 1;
				DEVELOPMENT_ASSET_PATHS = "\"mad_autumn_2021_third/Preview Content\"";
				DEVELOPMENT_TEAM = 99C2LB4W93;
				ENABLE_PREVIEWS = YES;
				GENERATE_INFOPLIST_FILE = YES;
				INFOPLIST_FILE = "mad-autumn-2021-third-Info.plist";
				INFOPLIST_KEY_CFBundleDisplayName = ScareMe;
				INFOPLIST_KEY_UIApplicationSceneManifest_Generation = YES;
				INFOPLIST_KEY_UIApplicationSupportsIndirectInputEvents = YES;
				INFOPLIST_KEY_UILaunchScreen_Generation = YES;
				INFOPLIST_KEY_UILaunchStoryboardName = "Launch Screen";
				INFOPLIST_KEY_UISupportedInterfaceOrientations_iPad = "UIInterfaceOrientationPortrait UIInterfaceOrientationPortraitUpsideDown UIInterfaceOrientationLandscapeLeft UIInterfaceOrientationLandscapeRight";
				INFOPLIST_KEY_UISupportedInterfaceOrientations_iPhone = "UIInterfaceOrientationPortrait UIInterfaceOrientationLandscapeLeft UIInterfaceOrientationLandscapeRight";
				IPHONEOS_DEPLOYMENT_TARGET = 14.0;
				LD_RUNPATH_SEARCH_PATHS = (
					"$(inherited)",
					"@executable_path/Frameworks",
				);
				MARKETING_VERSION = 1.0;
				PRODUCT_BUNDLE_IDENTIFIER = "ru.coolone.mad-autumn-2021-third";
				PRODUCT_NAME = "$(TARGET_NAME)";
				SWIFT_EMIT_LOC_STRINGS = YES;
				SWIFT_VERSION = 5.0;
				TARGETED_DEVICE_FAMILY = "1,2";
			};
			name = Debug;
		};
		85B464B6272EC0C60007255C /* Release */ = {
			isa = XCBuildConfiguration;
			buildSettings = {
				ASSETCATALOG_COMPILER_APPICON_NAME = AppIcon;
				ASSETCATALOG_COMPILER_GLOBAL_ACCENT_COLOR_NAME = AccentColor;
				CODE_SIGN_STYLE = Automatic;
				CURRENT_PROJECT_VERSION = 1;
				DEVELOPMENT_ASSET_PATHS = "\"mad_autumn_2021_third/Preview Content\"";
				DEVELOPMENT_TEAM = 99C2LB4W93;
				ENABLE_PREVIEWS = YES;
				GENERATE_INFOPLIST_FILE = YES;
				INFOPLIST_FILE = "mad-autumn-2021-third-Info.plist";
				INFOPLIST_KEY_CFBundleDisplayName = ScareMe;
				INFOPLIST_KEY_UIApplicationSceneManifest_Generation = YES;
				INFOPLIST_KEY_UIApplicationSupportsIndirectInputEvents = YES;
				INFOPLIST_KEY_UILaunchScreen_Generation = YES;
				INFOPLIST_KEY_UILaunchStoryboardName = "Launch Screen";
				INFOPLIST_KEY_UISupportedInterfaceOrientations_iPad = "UIInterfaceOrientationPortrait UIInterfaceOrientationPortraitUpsideDown UIInterfaceOrientationLandscapeLeft UIInterfaceOrientationLandscapeRight";
				INFOPLIST_KEY_UISupportedInterfaceOrientations_iPhone = "UIInterfaceOrientationPortrait UIInterfaceOrientationLandscapeLeft UIInterfaceOrientationLandscapeRight";
				IPHONEOS_DEPLOYMENT_TARGET = 14.0;
				LD_RUNPATH_SEARCH_PATHS = (
					"$(inherited)",
					"@executable_path/Frameworks",
				);
				MARKETING_VERSION = 1.0;
				PRODUCT_BUNDLE_IDENTIFIER = "ru.coolone.mad-autumn-2021-third";
				PRODUCT_NAME = "$(TARGET_NAME)";
				SWIFT_EMIT_LOC_STRINGS = YES;
				SWIFT_VERSION = 5.0;
				TARGETED_DEVICE_FAMILY = "1,2";
			};
			name = Release;
		};
/* End XCBuildConfiguration section */

/* Begin XCConfigurationList section */
		85B464A1272EC0C30007255C /* Build configuration list for PBXProject "mad_autumn_2021_third" */ = {
			isa = XCConfigurationList;
			buildConfigurations = (
				85B464B2272EC0C60007255C /* Debug */,
				85B464B3272EC0C60007255C /* Release */,
			);
			defaultConfigurationIsVisible = 0;
			defaultConfigurationName = Release;
		};
		85B464B4272EC0C60007255C /* Build configuration list for PBXNativeTarget "mad_autumn_2021_third" */ = {
			isa = XCConfigurationList;
			buildConfigurations = (
				85B464B5272EC0C60007255C /* Debug */,
				85B464B6272EC0C60007255C /* Release */,
			);
			defaultConfigurationIsVisible = 0;
			defaultConfigurationName = Release;
		};
/* End XCConfigurationList section */

/* Begin XCRemoteSwiftPackageReference section */
		85B464BA272EC1280007255C /* XCRemoteSwiftPackageReference "SwiftDate" */ = {
			isa = XCRemoteSwiftPackageReference;
			repositoryURL = "https://github.com/malcommac/SwiftDate";
			requirement = {
				branch = master;
				kind = branch;
			};
		};
		85B464BD272EC15E0007255C /* XCRemoteSwiftPackageReference "pure-swift-ui" */ = {
			isa = XCRemoteSwiftPackageReference;
			repositoryURL = "https://github.com/CodeSlicing/pure-swift-ui.git";
			requirement = {
				kind = upToNextMajorVersion;
				minimumVersion = 3.0.0;
			};
		};
		85B464C0272EC16C0007255C /* XCRemoteSwiftPackageReference "SwiftUIX" */ = {
			isa = XCRemoteSwiftPackageReference;
			repositoryURL = "https://github.com/SwiftUIX/SwiftUIX.git";
			requirement = {
				kind = upToNextMajorVersion;
				minimumVersion = 0.0.9;
			};
		};
		85B464C3272EC1770007255C /* XCRemoteSwiftPackageReference "DynamicColor" */ = {
			isa = XCRemoteSwiftPackageReference;
			repositoryURL = "https://github.com/yannickl/DynamicColor.git";
			requirement = {
				kind = upToNextMajorVersion;
				minimumVersion = 5.0.0;
			};
		};
		85B464C6272EC1820007255C /* XCRemoteSwiftPackageReference "Alamofire" */ = {
			isa = XCRemoteSwiftPackageReference;
			repositoryURL = "https://github.com/Alamofire/Alamofire.git";
			requirement = {
				kind = upToNextMajorVersion;
				minimumVersion = 5.0.0;
			};
		};
		85B464D8272ECA2C0007255C /* XCRemoteSwiftPackageReference "AlamofireNetworkActivityLogger" */ = {
			isa = XCRemoteSwiftPackageReference;
			repositoryURL = "https://github.com/konkab/AlamofireNetworkActivityLogger.git";
			requirement = {
				kind = upToNextMajorVersion;
				minimumVersion = 3.0.0;
			};
		};
		85B464DD272ECBDA0007255C /* XCRemoteSwiftPackageReference "SDWebImageSwiftUI" */ = {
			isa = XCRemoteSwiftPackageReference;
			repositoryURL = "https://github.com/SDWebImage/SDWebImageSwiftUI.git";
			requirement = {
				kind = upToNextMajorVersion;
				minimumVersion = 2.0.0;
			};
		};
/* End XCRemoteSwiftPackageReference section */

/* Begin XCSwiftPackageProductDependency section */
		85B464BB272EC1280007255C /* SwiftDate */ = {
			isa = XCSwiftPackageProductDependency;
			package = 85B464BA272EC1280007255C /* XCRemoteSwiftPackageReference "SwiftDate" */;
			productName = SwiftDate;
		};
		85B464BE272EC15E0007255C /* PureSwiftUI */ = {
			isa = XCSwiftPackageProductDependency;
			package = 85B464BD272EC15E0007255C /* XCRemoteSwiftPackageReference "pure-swift-ui" */;
			productName = PureSwiftUI;
		};
		85B464C1272EC16C0007255C /* SwiftUIX */ = {
			isa = XCSwiftPackageProductDependency;
			package = 85B464C0272EC16C0007255C /* XCRemoteSwiftPackageReference "SwiftUIX" */;
			productName = SwiftUIX;
		};
		85B464C4272EC1770007255C /* DynamicColor */ = {
			isa = XCSwiftPackageProductDependency;
			package = 85B464C3272EC1770007255C /* XCRemoteSwiftPackageReference "DynamicColor" */;
			productName = DynamicColor;
		};
		85B464C7272EC1830007255C /* Alamofire */ = {
			isa = XCSwiftPackageProductDependency;
			package = 85B464C6272EC1820007255C /* XCRemoteSwiftPackageReference "Alamofire" */;
			productName = Alamofire;
		};
		85B464D9272ECA2C0007255C /* AlamofireNetworkActivityLogger */ = {
			isa = XCSwiftPackageProductDependency;
			package = 85B464D8272ECA2C0007255C /* XCRemoteSwiftPackageReference "AlamofireNetworkActivityLogger" */;
			productName = AlamofireNetworkActivityLogger;
		};
		85B464DE272ECBDA0007255C /* SDWebImageSwiftUI */ = {
			isa = XCSwiftPackageProductDependency;
			package = 85B464DD272ECBDA0007255C /* XCRemoteSwiftPackageReference "SDWebImageSwiftUI" */;
			productName = SDWebImageSwiftUI;
		};
/* End XCSwiftPackageProductDependency section */
	};
	rootObject = 85B4649E272EC0C30007255C /* Project object */;
}
